{
  "name": "@markgarrigan/ls",
  "version": "0.0.1",
  "lockfileVersion": 2,
  "requires": true,
  "packages": {
    "": {
      "name": "@markgarrigan/ls",
      "version": "0.0.1",
      "license": "Unlicense",
      "dependencies": {
        "@markgarrigan/deepdiff": "^0.0.3"
      }
    },
    "node_modules/@markgarrigan/deepdiff": {
      "version": "0.0.3",
      "resolved": "https://registry.npmjs.org/@markgarrigan/deepdiff/-/deepdiff-0.0.3.tgz",
      "integrity": "sha512-IjqkAnQrXMENmaVKxiT0vxigh77mlRxtIRwAKSo97vdBeSn/bP23+7ZUMX/+JpDEBepVgIbu1p2nBNSrZTn9/g=="
    }
  },
  "dependencies": {
    "@markgarrigan/deepdiff": {
      "version": "0.0.3",
      "resolved": "https://registry.npmjs.org/@markgarrigan/deepdiff/-/deepdiff-0.0.3.tgz",
      "integrity": "sha512-IjqkAnQrXMENmaVKxiT0vxigh77mlRxtIRwAKSo97vdBeSn/bP23+7ZUMX/+JpDEBepVgIbu1p2nBNSrZTn9/g=="
    }
  }
}
